// !$*UTF8*$!
{
	archiveVersion = 1;
	classes = {
	};
	objectVersion = 48;
	objects = {

/* Begin PBXBuildFile section */
		7577BF42205B04B800B1F97F /* Plane.swift in Sources */ = {isa = PBXBuildFile; fileRef = 7577BF41205B04B800B1F97F /* Plane.swift */; };
		B032D1692073F4EE00354213 /* MenuViewController.swift in Sources */ = {isa = PBXBuildFile; fileRef = B032D1682073F4EE00354213 /* MenuViewController.swift */; };
		B032D16C2073FCA400354213 /* LevelsViewController.swift in Sources */ = {isa = PBXBuildFile; fileRef = B032D16B2073FCA400354213 /* LevelsViewController.swift */; };
		B03725DE205AFA20007968B3 /* AppDelegate.swift in Sources */ = {isa = PBXBuildFile; fileRef = B03725DD205AFA20007968B3 /* AppDelegate.swift */; };
		B03725E2205AFA20007968B3 /* Stage.swift in Sources */ = {isa = PBXBuildFile; fileRef = B03725E1205AFA20007968B3 /* Stage.swift */; };
		B03725E5205AFA20007968B3 /* Main.storyboard in Resources */ = {isa = PBXBuildFile; fileRef = B03725E3205AFA20007968B3 /* Main.storyboard */; };
		B03725E7205AFA20007968B3 /* Assets.xcassets in Resources */ = {isa = PBXBuildFile; fileRef = B03725E6205AFA20007968B3 /* Assets.xcassets */; };
		B03725EA205AFA20007968B3 /* LaunchScreen.storyboard in Resources */ = {isa = PBXBuildFile; fileRef = B03725E8205AFA20007968B3 /* LaunchScreen.storyboard */; };
		B03725F5205AFA21007968B3 /* MiniChallenge06Tests.swift in Sources */ = {isa = PBXBuildFile; fileRef = B03725F4205AFA21007968B3 /* MiniChallenge06Tests.swift */; };
		B0372603205AFBF1007968B3 /* FloorNode.swift in Sources */ = {isa = PBXBuildFile; fileRef = B03725FF205AFBF1007968B3 /* FloorNode.swift */; };
		B0372604205AFBF1007968B3 /* Building.swift in Sources */ = {isa = PBXBuildFile; fileRef = B0372600205AFBF1007968B3 /* Building.swift */; };
		B0372605205AFBF1007968B3 /* Bomb.swift in Sources */ = {isa = PBXBuildFile; fileRef = B0372601205AFBF1007968B3 /* Bomb.swift */; };
		B0372606205AFBF1007968B3 /* ColumnFloorNode.swift in Sources */ = {isa = PBXBuildFile; fileRef = B0372602205AFBF1007968B3 /* ColumnFloorNode.swift */; };
/* End PBXBuildFile section */

/* Begin PBXContainerItemProxy section */
		B03725F1205AFA21007968B3 /* PBXContainerItemProxy */ = {
			isa = PBXContainerItemProxy;
			containerPortal = B03725D2205AFA20007968B3 /* Project object */;
			proxyType = 1;
			remoteGlobalIDString = B03725D9205AFA20007968B3;
			remoteInfo = MiniChallenge06;
		};
/* End PBXContainerItemProxy section */

/* Begin PBXFileReference section */
		7577BF41205B04B800B1F97F /* Plane.swift */ = {isa = PBXFileReference; lastKnownFileType = sourcecode.swift; path = Plane.swift; sourceTree = "<group>"; };
		B032D1682073F4EE00354213 /* MenuViewController.swift */ = {isa = PBXFileReference; lastKnownFileType = sourcecode.swift; path = MenuViewController.swift; sourceTree = "<group>"; };
		B032D16B2073FCA400354213 /* LevelsViewController.swift */ = {isa = PBXFileReference; lastKnownFileType = sourcecode.swift; path = LevelsViewController.swift; sourceTree = "<group>"; };
		B03725DA205AFA20007968B3 /* MiniChallenge06.app */ = {isa = PBXFileReference; explicitFileType = wrapper.application; includeInIndex = 0; path = MiniChallenge06.app; sourceTree = BUILT_PRODUCTS_DIR; };
		B03725DD205AFA20007968B3 /* AppDelegate.swift */ = {isa = PBXFileReference; lastKnownFileType = sourcecode.swift; path = AppDelegate.swift; sourceTree = "<group>"; };
		B03725E1205AFA20007968B3 /* Stage.swift */ = {isa = PBXFileReference; lastKnownFileType = sourcecode.swift; path = Stage.swift; sourceTree = "<group>"; };
		B03725E4205AFA20007968B3 /* Base */ = {isa = PBXFileReference; lastKnownFileType = file.storyboard; name = Base; path = Base.lproj/Main.storyboard; sourceTree = "<group>"; };
		B03725E6205AFA20007968B3 /* Assets.xcassets */ = {isa = PBXFileReference; lastKnownFileType = folder.assetcatalog; path = Assets.xcassets; sourceTree = "<group>"; };
		B03725E9205AFA20007968B3 /* Base */ = {isa = PBXFileReference; lastKnownFileType = file.storyboard; name = Base; path = Base.lproj/LaunchScreen.storyboard; sourceTree = "<group>"; };
		B03725EB205AFA20007968B3 /* Info.plist */ = {isa = PBXFileReference; lastKnownFileType = text.plist.xml; path = Info.plist; sourceTree = "<group>"; };
		B03725F0205AFA21007968B3 /* MiniChallenge06Tests.xctest */ = {isa = PBXFileReference; explicitFileType = wrapper.cfbundle; includeInIndex = 0; path = MiniChallenge06Tests.xctest; sourceTree = BUILT_PRODUCTS_DIR; };
		B03725F4205AFA21007968B3 /* MiniChallenge06Tests.swift */ = {isa = PBXFileReference; lastKnownFileType = sourcecode.swift; path = MiniChallenge06Tests.swift; sourceTree = "<group>"; };
		B03725F6205AFA21007968B3 /* Info.plist */ = {isa = PBXFileReference; lastKnownFileType = text.plist.xml; path = Info.plist; sourceTree = "<group>"; };
		B03725FF205AFBF1007968B3 /* FloorNode.swift */ = {isa = PBXFileReference; fileEncoding = 4; lastKnownFileType = sourcecode.swift; path = FloorNode.swift; sourceTree = "<group>"; };
		B0372600205AFBF1007968B3 /* Building.swift */ = {isa = PBXFileReference; fileEncoding = 4; lastKnownFileType = sourcecode.swift; path = Building.swift; sourceTree = "<group>"; };
		B0372601205AFBF1007968B3 /* Bomb.swift */ = {isa = PBXFileReference; fileEncoding = 4; lastKnownFileType = sourcecode.swift; path = Bomb.swift; sourceTree = "<group>"; };
		B0372602205AFBF1007968B3 /* ColumnFloorNode.swift */ = {isa = PBXFileReference; fileEncoding = 4; lastKnownFileType = sourcecode.swift; path = ColumnFloorNode.swift; sourceTree = "<group>"; };
/* End PBXFileReference section */

/* Begin PBXFrameworksBuildPhase section */
		B03725D7205AFA20007968B3 /* Frameworks */ = {
			isa = PBXFrameworksBuildPhase;
			buildActionMask = 2147483647;
			files = (
			);
			runOnlyForDeploymentPostprocessing = 0;
		};
		B03725ED205AFA21007968B3 /* Frameworks */ = {
			isa = PBXFrameworksBuildPhase;
			buildActionMask = 2147483647;
			files = (
			);
			runOnlyForDeploymentPostprocessing = 0;
		};
/* End PBXFrameworksBuildPhase section */

/* Begin PBXGroup section */
		7577BF43205B067000B1F97F /* World Detection */ = {
			isa = PBXGroup;
			children = (
				7577BF41205B04B800B1F97F /* Plane.swift */,
			);
			path = "World Detection";
			sourceTree = "<group>";
		};
		B032D16A2073F51B00354213 /* ViewControllers */ = {
			isa = PBXGroup;
			children = (
				B032D1682073F4EE00354213 /* MenuViewController.swift */,
				B032D16B2073FCA400354213 /* LevelsViewController.swift */,
			);
			name = ViewControllers;
			path = ../ViewControllers;
			sourceTree = "<group>";
		};
		B03725D1205AFA20007968B3 = {
			isa = PBXGroup;
			children = (
				B03725DC205AFA20007968B3 /* MiniChallenge06 */,
				B03725F3205AFA21007968B3 /* MiniChallenge06Tests */,
				B03725DB205AFA20007968B3 /* Products */,
			);
			sourceTree = "<group>";
		};
		B03725DB205AFA20007968B3 /* Products */ = {
			isa = PBXGroup;
			children = (
				B03725DA205AFA20007968B3 /* MiniChallenge06.app */,
				B03725F0205AFA21007968B3 /* MiniChallenge06Tests.xctest */,
			);
			name = Products;
			sourceTree = "<group>";
		};
		B03725DC205AFA20007968B3 /* MiniChallenge06 */ = {
			isa = PBXGroup;
			children = (
				B03725DD205AFA20007968B3 /* AppDelegate.swift */,
				B03725E1205AFA20007968B3 /* Stage.swift */,
				B032D16A2073F51B00354213 /* ViewControllers */,
				B0372607205AFC0F007968B3 /* Entities */,
				B03725E3205AFA20007968B3 /* Main.storyboard */,
				B03725E6205AFA20007968B3 /* Assets.xcassets */,
				B03725E8205AFA20007968B3 /* LaunchScreen.storyboard */,
				B03725EB205AFA20007968B3 /* Info.plist */,
			);
			path = MiniChallenge06;
			sourceTree = "<group>";
		};
		B03725F3205AFA21007968B3 /* MiniChallenge06Tests */ = {
			isa = PBXGroup;
			children = (
				B03725F4205AFA21007968B3 /* MiniChallenge06Tests.swift */,
				B03725F6205AFA21007968B3 /* Info.plist */,
			);
			path = MiniChallenge06Tests;
			sourceTree = "<group>";
		};
		B0372607205AFC0F007968B3 /* Entities */ = {
			isa = PBXGroup;
			children = (
				7577BF43205B067000B1F97F /* World Detection */,
				B0372609205AFC31007968B3 /* Bomb */,
				B0372608205AFC24007968B3 /* Building */,
			);
			path = Entities;
			sourceTree = "<group>";
		};
		B0372608205AFC24007968B3 /* Building */ = {
			isa = PBXGroup;
			children = (
				B0372600205AFBF1007968B3 /* Building.swift */,
				B0372602205AFBF1007968B3 /* ColumnFloorNode.swift */,
				B03725FF205AFBF1007968B3 /* FloorNode.swift */,
			);
			path = Building;
			sourceTree = "<group>";
		};
		B0372609205AFC31007968B3 /* Bomb */ = {
			isa = PBXGroup;
			children = (
				B0372601205AFBF1007968B3 /* Bomb.swift */,
			);
			path = Bomb;
			sourceTree = "<group>";
		};
/* End PBXGroup section */

/* Begin PBXNativeTarget section */
		B03725D9205AFA20007968B3 /* MiniChallenge06 */ = {
			isa = PBXNativeTarget;
			buildConfigurationList = B03725F9205AFA21007968B3 /* Build configuration list for PBXNativeTarget "MiniChallenge06" */;
			buildPhases = (
				B03725D6205AFA20007968B3 /* Sources */,
				B03725D7205AFA20007968B3 /* Frameworks */,
				B03725D8205AFA20007968B3 /* Resources */,
			);
			buildRules = (
			);
			dependencies = (
			);
			name = MiniChallenge06;
			productName = MiniChallenge06;
			productReference = B03725DA205AFA20007968B3 /* MiniChallenge06.app */;
			productType = "com.apple.product-type.application";
		};
		B03725EF205AFA21007968B3 /* MiniChallenge06Tests */ = {
			isa = PBXNativeTarget;
			buildConfigurationList = B03725FC205AFA21007968B3 /* Build configuration list for PBXNativeTarget "MiniChallenge06Tests" */;
			buildPhases = (
				B03725EC205AFA21007968B3 /* Sources */,
				B03725ED205AFA21007968B3 /* Frameworks */,
				B03725EE205AFA21007968B3 /* Resources */,
			);
			buildRules = (
			);
			dependencies = (
				B03725F2205AFA21007968B3 /* PBXTargetDependency */,
			);
			name = MiniChallenge06Tests;
			productName = MiniChallenge06Tests;
			productReference = B03725F0205AFA21007968B3 /* MiniChallenge06Tests.xctest */;
			productType = "com.apple.product-type.bundle.unit-test";
		};
/* End PBXNativeTarget section */

/* Begin PBXProject section */
		B03725D2205AFA20007968B3 /* Project object */ = {
			isa = PBXProject;
			attributes = {
				LastSwiftUpdateCheck = 0920;
				LastUpgradeCheck = 0920;
				ORGANIZATIONNAME = "Vinícius Cano Santos";
				TargetAttributes = {
					B03725D9205AFA20007968B3 = {
						CreatedOnToolsVersion = 9.2;
						ProvisioningStyle = Automatic;
					};
					B03725EF205AFA21007968B3 = {
						CreatedOnToolsVersion = 9.2;
						ProvisioningStyle = Automatic;
						TestTargetID = B03725D9205AFA20007968B3;
					};
				};
			};
			buildConfigurationList = B03725D5205AFA20007968B3 /* Build configuration list for PBXProject "MiniChallenge06" */;
			compatibilityVersion = "Xcode 8.0";
			developmentRegion = en;
			hasScannedForEncodings = 0;
			knownRegions = (
				en,
				Base,
			);
			mainGroup = B03725D1205AFA20007968B3;
			productRefGroup = B03725DB205AFA20007968B3 /* Products */;
			projectDirPath = "";
			projectRoot = "";
			targets = (
				B03725D9205AFA20007968B3 /* MiniChallenge06 */,
				B03725EF205AFA21007968B3 /* MiniChallenge06Tests */,
			);
		};
/* End PBXProject section */

/* Begin PBXResourcesBuildPhase section */
		B03725D8205AFA20007968B3 /* Resources */ = {
			isa = PBXResourcesBuildPhase;
			buildActionMask = 2147483647;
			files = (
				B03725EA205AFA20007968B3 /* LaunchScreen.storyboard in Resources */,
				B03725E7205AFA20007968B3 /* Assets.xcassets in Resources */,
				B03725E5205AFA20007968B3 /* Main.storyboard in Resources */,
			);
			runOnlyForDeploymentPostprocessing = 0;
		};
		B03725EE205AFA21007968B3 /* Resources */ = {
			isa = PBXResourcesBuildPhase;
			buildActionMask = 2147483647;
			files = (
			);
			runOnlyForDeploymentPostprocessing = 0;
		};
/* End PBXResourcesBuildPhase section */

/* Begin PBXSourcesBuildPhase section */
		B03725D6205AFA20007968B3 /* Sources */ = {
			isa = PBXSourcesBuildPhase;
			buildActionMask = 2147483647;
			files = (
				B032D16C2073FCA400354213 /* LevelsViewController.swift in Sources */,
				B03725E2205AFA20007968B3 /* Stage.swift in Sources */,
				B0372603205AFBF1007968B3 /* FloorNode.swift in Sources */,
				B03725DE205AFA20007968B3 /* AppDelegate.swift in Sources */,
				B0372605205AFBF1007968B3 /* Bomb.swift in Sources */,
				B0372606205AFBF1007968B3 /* ColumnFloorNode.swift in Sources */,
				B0372604205AFBF1007968B3 /* Building.swift in Sources */,
				7577BF42205B04B800B1F97F /* Plane.swift in Sources */,
				B032D1692073F4EE00354213 /* MenuViewController.swift in Sources */,
			);
			runOnlyForDeploymentPostprocessing = 0;
		};
		B03725EC205AFA21007968B3 /* Sources */ = {
			isa = PBXSourcesBuildPhase;
			buildActionMask = 2147483647;
			files = (
				B03725F5205AFA21007968B3 /* MiniChallenge06Tests.swift in Sources */,
			);
			runOnlyForDeploymentPostprocessing = 0;
		};
/* End PBXSourcesBuildPhase section */

/* Begin PBXTargetDependency section */
		B03725F2205AFA21007968B3 /* PBXTargetDependency */ = {
			isa = PBXTargetDependency;
			target = B03725D9205AFA20007968B3 /* MiniChallenge06 */;
			targetProxy = B03725F1205AFA21007968B3 /* PBXContainerItemProxy */;
		};
/* End PBXTargetDependency section */

/* Begin PBXVariantGroup section */
		B03725E3205AFA20007968B3 /* Main.storyboard */ = {
			isa = PBXVariantGroup;
			children = (
				B03725E4205AFA20007968B3 /* Base */,
			);
			name = Main.storyboard;
			sourceTree = "<group>";
		};
		B03725E8205AFA20007968B3 /* LaunchScreen.storyboard */ = {
			isa = PBXVariantGroup;
			children = (
				B03725E9205AFA20007968B3 /* Base */,
			);
			name = LaunchScreen.storyboard;
			sourceTree = "<group>";
		};
/* End PBXVariantGroup section */

/* Begin XCBuildConfiguration section */
		B03725F7205AFA21007968B3 /* Debug */ = {
			isa = XCBuildConfiguration;
			buildSettings = {
				ALWAYS_SEARCH_USER_PATHS = NO;
				CLANG_ANALYZER_NONNULL = YES;
				CLANG_ANALYZER_NUMBER_OBJECT_CONVERSION = YES_AGGRESSIVE;
				CLANG_CXX_LANGUAGE_STANDARD = "gnu++14";
				CLANG_CXX_LIBRARY = "libc++";
				CLANG_ENABLE_MODULES = YES;
				CLANG_ENABLE_OBJC_ARC = YES;
				CLANG_WARN_BLOCK_CAPTURE_AUTORELEASING = YES;
				CLANG_WARN_BOOL_CONVERSION = YES;
				CLANG_WARN_COMMA = YES;
				CLANG_WARN_CONSTANT_CONVERSION = YES;
				CLANG_WARN_DIRECT_OBJC_ISA_USAGE = YES_ERROR;
				CLANG_WARN_DOCUMENTATION_COMMENTS = YES;
				CLANG_WARN_EMPTY_BODY = YES;
				CLANG_WARN_ENUM_CONVERSION = YES;
				CLANG_WARN_INFINITE_RECURSION = YES;
				CLANG_WARN_INT_CONVERSION = YES;
				CLANG_WARN_NON_LITERAL_NULL_CONVERSION = YES;
				CLANG_WARN_OBJC_LITERAL_CONVERSION = YES;
				CLANG_WARN_OBJC_ROOT_CLASS = YES_ERROR;
				CLANG_WARN_RANGE_LOOP_ANALYSIS = YES;
				CLANG_WARN_STRICT_PROTOTYPES = YES;
				CLANG_WARN_SUSPICIOUS_MOVE = YES;
				CLANG_WARN_UNGUARDED_AVAILABILITY = YES_AGGRESSIVE;
				CLANG_WARN_UNREACHABLE_CODE = YES;
				CLANG_WARN__DUPLICATE_METHOD_MATCH = YES;
				CODE_SIGN_IDENTITY = "iPhone Developer";
				COPY_PHASE_STRIP = NO;
				DEBUG_INFORMATION_FORMAT = dwarf;
				ENABLE_STRICT_OBJC_MSGSEND = YES;
				ENABLE_TESTABILITY = YES;
				GCC_C_LANGUAGE_STANDARD = gnu11;
				GCC_DYNAMIC_NO_PIC = NO;
				GCC_NO_COMMON_BLOCKS = YES;
				GCC_OPTIMIZATION_LEVEL = 0;
				GCC_PREPROCESSOR_DEFINITIONS = (
					"DEBUG=1",
					"$(inherited)",
				);
				GCC_WARN_64_TO_32_BIT_CONVERSION = YES;
				GCC_WARN_ABOUT_RETURN_TYPE = YES_ERROR;
				GCC_WARN_UNDECLARED_SELECTOR = YES;
				GCC_WARN_UNINITIALIZED_AUTOS = YES_AGGRESSIVE;
				GCC_WARN_UNUSED_FUNCTION = YES;
				GCC_WARN_UNUSED_VARIABLE = YES;
				IPHONEOS_DEPLOYMENT_TARGET = 11.2;
				MTL_ENABLE_DEBUG_INFO = YES;
				ONLY_ACTIVE_ARCH = YES;
				SDKROOT = iphoneos;
				SWIFT_ACTIVE_COMPILATION_CONDITIONS = DEBUG;
				SWIFT_OPTIMIZATION_LEVEL = "-Onone";
			};
			name = Debug;
		};
		B03725F8205AFA21007968B3 /* Release */ = {
			isa = XCBuildConfiguration;
			buildSettings = {
				ALWAYS_SEARCH_USER_PATHS = NO;
				CLANG_ANALYZER_NONNULL = YES;
				CLANG_ANALYZER_NUMBER_OBJECT_CONVERSION = YES_AGGRESSIVE;
				CLANG_CXX_LANGUAGE_STANDARD = "gnu++14";
				CLANG_CXX_LIBRARY = "libc++";
				CLANG_ENABLE_MODULES = YES;
				CLANG_ENABLE_OBJC_ARC = YES;
				CLANG_WARN_BLOCK_CAPTURE_AUTORELEASING = YES;
				CLANG_WARN_BOOL_CONVERSION = YES;
				CLANG_WARN_COMMA = YES;
				CLANG_WARN_CONSTANT_CONVERSION = YES;
				CLANG_WARN_DIRECT_OBJC_ISA_USAGE = YES_ERROR;
				CLANG_WARN_DOCUMENTATION_COMMENTS = YES;
				CLANG_WARN_EMPTY_BODY = YES;
				CLANG_WARN_ENUM_CONVERSION = YES;
				CLANG_WARN_INFINITE_RECURSION = YES;
				CLANG_WARN_INT_CONVERSION = YES;
				CLANG_WARN_NON_LITERAL_NULL_CONVERSION = YES;
				CLANG_WARN_OBJC_LITERAL_CONVERSION = YES;
				CLANG_WARN_OBJC_ROOT_CLASS = YES_ERROR;
				CLANG_WARN_RANGE_LOOP_ANALYSIS = YES;
				CLANG_WARN_STRICT_PROTOTYPES = YES;
				CLANG_WARN_SUSPICIOUS_MOVE = YES;
				CLANG_WARN_UNGUARDED_AVAILABILITY = YES_AGGRESSIVE;
				CLANG_WARN_UNREACHABLE_CODE = YES;
				CLANG_WARN__DUPLICATE_METHOD_MATCH = YES;
				CODE_SIGN_IDENTITY = "iPhone Developer";
				COPY_PHASE_STRIP = NO;
				DEBUG_INFORMATION_FORMAT = "dwarf-with-dsym";
				ENABLE_NS_ASSERTIONS = NO;
				ENABLE_STRICT_OBJC_MSGSEND = YES;
				GCC_C_LANGUAGE_STANDARD = gnu11;
				GCC_NO_COMMON_BLOCKS = YES;
				GCC_WARN_64_TO_32_BIT_CONVERSION = YES;
				GCC_WARN_ABOUT_RETURN_TYPE = YES_ERROR;
				GCC_WARN_UNDECLARED_SELECTOR = YES;
				GCC_WARN_UNINITIALIZED_AUTOS = YES_AGGRESSIVE;
				GCC_WARN_UNUSED_FUNCTION = YES;
				GCC_WARN_UNUSED_VARIABLE = YES;
				IPHONEOS_DEPLOYMENT_TARGET = 11.2;
				MTL_ENABLE_DEBUG_INFO = NO;
				SDKROOT = iphoneos;
				SWIFT_OPTIMIZATION_LEVEL = "-Owholemodule";
				VALIDATE_PRODUCT = YES;
			};
			name = Release;
		};
		B03725FA205AFA21007968B3 /* Debug */ = {
			isa = XCBuildConfiguration;
			buildSettings = {
				ASSETCATALOG_COMPILER_APPICON_NAME = AppIcon;
				CODE_SIGN_STYLE = Automatic;
				DEVELOPMENT_TEAM = BUP56BZHCB;
				INFOPLIST_FILE = MiniChallenge06/Info.plist;
				LD_RUNPATH_SEARCH_PATHS = "$(inherited) @executable_path/Frameworks";
				PRODUCT_BUNDLE_IDENTIFIER = viniciuscano.MiniChallenge06;
				PRODUCT_NAME = "$(TARGET_NAME)";
				SWIFT_VERSION = 4.0;
				TARGETED_DEVICE_FAMILY = "1,2";
			};
			name = Debug;
		};
		B03725FB205AFA21007968B3 /* Release */ = {
			isa = XCBuildConfiguration;
			buildSettings = {
				ASSETCATALOG_COMPILER_APPICON_NAME = AppIcon;
				CODE_SIGN_STYLE = Automatic;
				DEVELOPMENT_TEAM = BUP56BZHCB;
				INFOPLIST_FILE = MiniChallenge06/Info.plist;
				LD_RUNPATH_SEARCH_PATHS = "$(inherited) @executable_path/Frameworks";
				PRODUCT_BUNDLE_IDENTIFIER = viniciuscano.MiniChallenge06;
				PRODUCT_NAME = "$(TARGET_NAME)";
				SWIFT_VERSION = 4.0;
				TARGETED_DEVICE_FAMILY = "1,2";
			};
			name = Release;
		};
		B03725FD205AFA21007968B3 /* Debug */ = {
			isa = XCBuildConfiguration;
			buildSettings = {
				ALWAYS_EMBED_SWIFT_STANDARD_LIBRARIES = YES;
				BUNDLE_LOADER = "$(TEST_HOST)";
				CODE_SIGN_STYLE = Automatic;
				DEVELOPMENT_TEAM = BUP56BZHCB;
				INFOPLIST_FILE = MiniChallenge06Tests/Info.plist;
				LD_RUNPATH_SEARCH_PATHS = "$(inherited) @executable_path/Frameworks @loader_path/Frameworks";
				PRODUCT_BUNDLE_IDENTIFIER = viniciuscano.MiniChallenge06Tests;
				PRODUCT_NAME = "$(TARGET_NAME)";
				SWIFT_VERSION = 4.0;
				TARGETED_DEVICE_FAMILY = "1,2";
				TEST_HOST = "$(BUILT_PRODUCTS_DIR)/MiniChallenge06.app/MiniChallenge06";
			};
			name = Debug;
		};
		B03725FE205AFA21007968B3 /* Release */ = {
			isa = XCBuildConfiguration;
			buildSettings = {
				ALWAYS_EMBED_SWIFT_STANDARD_LIBRARIES = YES;
				BUNDLE_LOADER = "$(TEST_HOST)";
				CODE_SIGN_STYLE = Automatic;
				DEVELOPMENT_TEAM = BUP56BZHCB;
				INFOPLIST_FILE = MiniChallenge06Tests/Info.plist;
				LD_RUNPATH_SEARCH_PATHS = "$(inherited) @executable_path/Frameworks @loader_path/Frameworks";
				PRODUCT_BUNDLE_IDENTIFIER = viniciuscano.MiniChallenge06Tests;
				PRODUCT_NAME = "$(TARGET_NAME)";
				SWIFT_VERSION = 4.0;
				TARGETED_DEVICE_FAMILY = "1,2";
				TEST_HOST = "$(BUILT_PRODUCTS_DIR)/MiniChallenge06.app/MiniChallenge06";
			};
			name = Release;
		};
/* End XCBuildConfiguration section */

/* Begin XCConfigurationList section */
		B03725D5205AFA20007968B3 /* Build configuration list for PBXProject "MiniChallenge06" */ = {
			isa = XCConfigurationList;
			buildConfigurations = (
				B03725F7205AFA21007968B3 /* Debug */,
				B03725F8205AFA21007968B3 /* Release */,
			);
			defaultConfigurationIsVisible = 0;
			defaultConfigurationName = Release;
		};
		B03725F9205AFA21007968B3 /* Build configuration list for PBXNativeTarget "MiniChallenge06" */ = {
			isa = XCConfigurationList;
			buildConfigurations = (
				B03725FA205AFA21007968B3 /* Debug */,
				B03725FB205AFA21007968B3 /* Release */,
			);
			defaultConfigurationIsVisible = 0;
			defaultConfigurationName = Release;
		};
		B03725FC205AFA21007968B3 /* Build configuration list for PBXNativeTarget "MiniChallenge06Tests" */ = {
			isa = XCConfigurationList;
			buildConfigurations = (
				B03725FD205AFA21007968B3 /* Debug */,
				B03725FE205AFA21007968B3 /* Release */,
			);
			defaultConfigurationIsVisible = 0;
			defaultConfigurationName = Release;
		};
/* End XCConfigurationList section */
	};
	rootObject = B03725D2205AFA20007968B3 /* Project object */;
}
